
Microsoft Visual Studio Solution File, Format Version 12.00
# Visual Studio 15
VisualStudioVersion = 15.0.28307.271
MinimumVisualStudioVersion = 10.0.40219.1
Project("{FAE04EC0-301F-11D3-BF4B-00C04F79EFBC}") = "TuSaludEnMisManos_V02", "TuSaludEnMisManos_V02\TuSaludEnMisManos_V02.csproj", "{7942CBF4-4E34-4F8E-97A0-E4844CDCC9EE}"
EndProject
Project("{FAE04EC0-301F-11D3-BF4B-00C04F79EFBC}") = "LibraryClassLab04", "LibraryClassLab04\LibraryClassLab04.csproj", "{38265727-12CE-43CD-9C53-06728BC1894D}"
EndProject
Global
	GlobalSection(SolutionConfigurationPlatforms) = preSolution
		Debug|Any CPU = Debug|Any CPU
		Release|Any CPU = Release|Any CPU
	EndGlobalSection
	GlobalSection(ProjectConfigurationPlatforms) = postSolution
		{7942CBF4-4E34-4F8E-97A0-E4844CDCC9EE}.Debug|Any CPU.ActiveCfg = Debug|Any CPU
		{7942CBF4-4E34-4F8E-97A0-E4844CDCC9EE}.Debug|Any CPU.Build.0 = Debug|Any CPU
		{7942CBF4-4E34-4F8E-97A0-E4844CDCC9EE}.Release|Any CPU.ActiveCfg = Release|Any CPU
		{7942CBF4-4E34-4F8E-97A0-E4844CDCC9EE}.Release|Any CPU.Build.0 = Release|Any CPU
		{38265727-12CE-43CD-9C53-06728BC1894D}.Debug|Any CPU.ActiveCfg = Debug|Any CPU
		{38265727-12CE-43CD-9C53-06728BC1894D}.Debug|Any CPU.Build.0 = Debug|Any CPU
		{38265727-12CE-43CD-9C53-06728BC1894D}.Release|Any CPU.ActiveCfg = Release|Any CPU
		{38265727-12CE-43CD-9C53-06728BC1894D}.Release|Any CPU.Build.0 = Release|Any CPU
	EndGlobalSection
	GlobalSection(SolutionProperties) = preSolution
		HideSolutionNode = FALSE
	EndGlobalSection
	GlobalSection(ExtensibilityGlobals) = postSolution
		SolutionGuid = {7BBECD9D-EC06-4C01-8F5C-81B215C2B211}
	EndGlobalSection
EndGlobal
